{
  "nodes": {
    "nixpkgs": {
      "locked": {
        "lastModified": 1633342272,
        "narHash": "sha256-81nIPU3IKq432OxpsLu2t1SoUmdNIvBloi1yF2aGNLc=",
        "owner": "NixOS",
        "repo": "nixpkgs",
        "rev": "03754a32a00fcf325e3735240bcd28d4b6e44abc",
        "type": "github"
      },
      "original": {
        "id": "nixpkgs",
        "ref": "master",
        "type": "indirect"
      }
    },
    "root": {
      "inputs": {
        "nixpkgs": "nixpkgs"
      }
    }
  },
  "root": "root",
  "version": 7
}
