{
  "nodes": {
    "nixpkgs": {
      "locked": {
        "lastModified": 1722389349,
        "narHash": "sha256-6RB4fa0fExLZ/Hp3KY6c6BSkGS6TCY1ZBRoC9y4ftr0=",
        "owner": "NixOS",
        "repo": "nixpkgs",
        "rev": "7b0cb66ad81ebc390ece3c73977e46090b22fbd1",
        "type": "github"
      },
      "original": {
        "id": "nixpkgs",
        "ref": "master",
        "type": "indirect"
      }
    },
    "root": {
      "inputs": {
        "nixpkgs": "nixpkgs"
      }
    }
  },
  "root": "root",
  "version": 7
}
