{
    "version": 3,
    "terraform_version": "0.11.8",
    "serial": 40,
    "lineage": "653436ee-9213-3738-26ce-0af482a6e319",
    "modules": [
        {
            "path": [
                "root"
            ],
            "outputs": {},
            "resources": {
                "aws_acm_certificate.cache": {
                    "type": "aws_acm_certificate",
                    "depends_on": [],
                    "primary": {
                        "id": "arn:aws:acm:us-east-1:080433136561:certificate/c43deff6-adff-4130-b0bd-265fce88651e",
                        "attributes": {
                            "arn": "arn:aws:acm:us-east-1:080433136561:certificate/c43deff6-adff-4130-b0bd-265fce88651e",
                            "domain_name": "cache.nixos.org",
                            "domain_validation_options.#": "1",
                            "domain_validation_options.0.domain_name": "cache.nixos.org",
                            "domain_validation_options.0.resource_record_name": "_d47a77b375708cea087182ee599174c0.cache.nixos.org.",
                            "domain_validation_options.0.resource_record_type": "CNAME",
                            "domain_validation_options.0.resource_record_value": "_f437d0ffb520b017f4d72beb71afedf8.acm-validations.aws.",
                            "id": "arn:aws:acm:us-east-1:080433136561:certificate/c43deff6-adff-4130-b0bd-265fce88651e",
                            "subject_alternative_names.#": "0",
                            "tags.%": "0",
                            "validation_emails.#": "0",
                            "validation_method": "DNS"
                        },
                        "meta": {},
                        "tainted": false
                    },
                    "deposed": [],
                    "provider": "provider.aws.us"
                },
                "aws_acm_certificate.nixpkgs-tarballs": {
                    "type": "aws_acm_certificate",
                    "depends_on": [],
                    "primary": {
                        "id": "arn:aws:acm:us-east-1:080433136561:certificate/c0255aa0-897b-4e45-96db-60008797df4c",
                        "attributes": {
                            "arn": "arn:aws:acm:us-east-1:080433136561:certificate/c0255aa0-897b-4e45-96db-60008797df4c",
                            "domain_name": "tarballs.nixos.org",
                            "domain_validation_options.#": "1",
                            "domain_validation_options.0.domain_name": "tarballs.nixos.org",
                            "domain_validation_options.0.resource_record_name": "_ea68264b3470fb78960575f8dda9b40b.tarballs.nixos.org.",
                            "domain_validation_options.0.resource_record_type": "CNAME",
                            "domain_validation_options.0.resource_record_value": "_d7407b1e66c162385ea6816b6da86f00.acm-validations.aws.",
                            "id": "arn:aws:acm:us-east-1:080433136561:certificate/c0255aa0-897b-4e45-96db-60008797df4c",
                            "subject_alternative_names.#": "0",
                            "tags.%": "0",
                            "validation_emails.#": "0",
                            "validation_method": "DNS"
                        },
                        "meta": {},
                        "tainted": false
                    },
                    "deposed": [],
                    "provider": "provider.aws.us"
                },
                "aws_acm_certificate.releases": {
                    "type": "aws_acm_certificate",
                    "depends_on": [],
                    "primary": {
                        "id": "arn:aws:acm:us-east-1:080433136561:certificate/be1b9948-6bd7-47f1-b54e-3ec9c84da574",
                        "attributes": {
                            "arn": "arn:aws:acm:us-east-1:080433136561:certificate/be1b9948-6bd7-47f1-b54e-3ec9c84da574",
                            "domain_name": "releases.nixos.org",
                            "domain_validation_options.#": "1",
                            "domain_validation_options.0.domain_name": "releases.nixos.org",
                            "domain_validation_options.0.resource_record_name": "_d8f6310f3e219676be295c56e7084ed2.releases.nixos.org.",
                            "domain_validation_options.0.resource_record_type": "CNAME",
                            "domain_validation_options.0.resource_record_value": "_f66cc632b3b03a0f5493a406c535ad7d.acm-validations.aws.",
                            "id": "arn:aws:acm:us-east-1:080433136561:certificate/be1b9948-6bd7-47f1-b54e-3ec9c84da574",
                            "subject_alternative_names.#": "0",
                            "tags.%": "0",
                            "validation_emails.#": "0",
                            "validation_method": "DNS"
                        },
                        "meta": {},
                        "tainted": false
                    },
                    "deposed": [],
                    "provider": "provider.aws.us"
                },
                "aws_cloudfront_distribution.cache": {
                    "type": "aws_cloudfront_distribution",
                    "depends_on": [
                        "aws_acm_certificate.cache",
                        "aws_s3_bucket.cache"
                    ],
                    "primary": {
                        "id": "E1CADX4LJWZBU6",
                        "attributes": {
                            "active_trusted_signers.%": "2",
                            "active_trusted_signers.enabled": "false",
                            "active_trusted_signers.items.#": "0",
                            "aliases.#": "1",
                            "aliases.1993934008": "cache.nixos.org",
                            "arn": "arn:aws:cloudfront::080433136561:distribution/E1CADX4LJWZBU6",
                            "cache_behavior.#": "0",
                            "caller_reference": "1368624218663",
                            "custom_error_response.#": "2",
                            "custom_error_response.352785054.error_caching_min_ttl": "10",
                            "custom_error_response.352785054.error_code": "500",
                            "custom_error_response.352785054.response_code": "0",
                            "custom_error_response.352785054.response_page_path": "",
                            "custom_error_response.765865161.error_caching_min_ttl": "600",
                            "custom_error_response.765865161.error_code": "403",
                            "custom_error_response.765865161.response_code": "404",
                            "custom_error_response.765865161.response_page_path": "/error-pages/404",
                            "default_cache_behavior.#": "1",
                            "default_cache_behavior.697781096.allowed_methods.#": "2",
                            "default_cache_behavior.697781096.allowed_methods.0": "HEAD",
                            "default_cache_behavior.697781096.allowed_methods.1": "GET",
                            "default_cache_behavior.697781096.cached_methods.#": "2",
                            "default_cache_behavior.697781096.cached_methods.0": "HEAD",
                            "default_cache_behavior.697781096.cached_methods.1": "GET",
                            "default_cache_behavior.697781096.compress": "false",
                            "default_cache_behavior.697781096.default_ttl": "86400",
                            "default_cache_behavior.697781096.field_level_encryption_id": "",
                            "default_cache_behavior.697781096.forwarded_values.#": "1",
                            "default_cache_behavior.697781096.forwarded_values.2759845635.cookies.#": "1",
                            "default_cache_behavior.697781096.forwarded_values.2759845635.cookies.2625240281.forward": "none",
                            "default_cache_behavior.697781096.forwarded_values.2759845635.cookies.2625240281.whitelisted_names.#": "0",
                            "default_cache_behavior.697781096.forwarded_values.2759845635.headers.#": "0",
                            "default_cache_behavior.697781096.forwarded_values.2759845635.query_string": "false",
                            "default_cache_behavior.697781096.forwarded_values.2759845635.query_string_cache_keys.#": "0",
                            "default_cache_behavior.697781096.lambda_function_association.#": "0",
                            "default_cache_behavior.697781096.max_ttl": "31536000",
                            "default_cache_behavior.697781096.min_ttl": "0",
                            "default_cache_behavior.697781096.smooth_streaming": "false",
                            "default_cache_behavior.697781096.target_origin_id": "S3-nix-cache",
                            "default_cache_behavior.697781096.trusted_signers.#": "0",
                            "default_cache_behavior.697781096.viewer_protocol_policy": "allow-all",
                            "default_root_object": "index.html",
                            "domain_name": "d3m36hgdyp4koz.cloudfront.net",
                            "enabled": "true",
                            "etag": "EZBJA9OAEROBJ",
                            "hosted_zone_id": "Z2FDTNDATAQYW2",
                            "http_version": "http2",
                            "id": "E1CADX4LJWZBU6",
                            "in_progress_validation_batches": "0",
                            "is_ipv6_enabled": "true",
                            "last_modified_time": "2018-12-15 16:21:50.492 +0000 UTC",
                            "logging_config.#": "1",
                            "logging_config.3965461843.bucket": "nix-cache-logs.s3.amazonaws.com",
                            "logging_config.3965461843.include_cookies": "false",
                            "logging_config.3965461843.prefix": "",
                            "ordered_cache_behavior.#": "0",
                            "origin.#": "1",
                            "origin.995440750.custom_header.#": "0",
                            "origin.995440750.custom_origin_config.#": "0",
                            "origin.995440750.domain_name": "nix-cache.s3.amazonaws.com",
                            "origin.995440750.origin_id": "S3-nix-cache",
                            "origin.995440750.origin_path": "",
                            "origin.995440750.s3_origin_config.#": "1",
                            "origin.995440750.s3_origin_config.4116807958.origin_access_identity": "origin-access-identity/cloudfront/E11I84008FX6W9",
                            "price_class": "PriceClass_All",
                            "restrictions.#": "1",
                            "restrictions.1097372288.geo_restriction.#": "1",
                            "restrictions.1097372288.geo_restriction.2625240281.locations.#": "0",
                            "restrictions.1097372288.geo_restriction.2625240281.restriction_type": "none",
                            "retain_on_delete": "false",
                            "status": "InProgress",
                            "tags.%": "0",
                            "viewer_certificate.#": "1",
                            "viewer_certificate.1122573560.acm_certificate_arn": "arn:aws:acm:us-east-1:080433136561:certificate/c43deff6-adff-4130-b0bd-265fce88651e",
                            "viewer_certificate.1122573560.cloudfront_default_certificate": "false",
                            "viewer_certificate.1122573560.iam_certificate_id": "",
                            "viewer_certificate.1122573560.minimum_protocol_version": "TLSv1",
                            "viewer_certificate.1122573560.ssl_support_method": "sni-only",
                            "web_acl_id": ""
                        },
                        "meta": {},
                        "tainted": false
                    },
                    "deposed": [],
                    "provider": "provider.aws"
                },
                "aws_cloudfront_distribution.nixpkgs-tarballs": {
                    "type": "aws_cloudfront_distribution",
                    "depends_on": [
                        "aws_acm_certificate.nixpkgs-tarballs"
                    ],
                    "primary": {
                        "id": "EHWVBK5PMXWW4",
                        "attributes": {
                            "active_trusted_signers.%": "2",
                            "active_trusted_signers.enabled": "false",
                            "active_trusted_signers.items.#": "0",
                            "aliases.#": "1",
                            "aliases.1939520065": "tarballs.nixos.org",
                            "arn": "arn:aws:cloudfront::080433136561:distribution/EHWVBK5PMXWW4",
                            "cache_behavior.#": "0",
                            "caller_reference": "1387463027991",
                            "custom_error_response.#": "0",
                            "default_cache_behavior.#": "1",
                            "default_cache_behavior.1081661395.allowed_methods.#": "2",
                            "default_cache_behavior.1081661395.allowed_methods.0": "HEAD",
                            "default_cache_behavior.1081661395.allowed_methods.1": "GET",
                            "default_cache_behavior.1081661395.cached_methods.#": "2",
                            "default_cache_behavior.1081661395.cached_methods.0": "HEAD",
                            "default_cache_behavior.1081661395.cached_methods.1": "GET",
                            "default_cache_behavior.1081661395.compress": "false",
                            "default_cache_behavior.1081661395.default_ttl": "86400",
                            "default_cache_behavior.1081661395.field_level_encryption_id": "",
                            "default_cache_behavior.1081661395.forwarded_values.#": "1",
                            "default_cache_behavior.1081661395.forwarded_values.2759845635.cookies.#": "1",
                            "default_cache_behavior.1081661395.forwarded_values.2759845635.cookies.2625240281.forward": "none",
                            "default_cache_behavior.1081661395.forwarded_values.2759845635.cookies.2625240281.whitelisted_names.#": "0",
                            "default_cache_behavior.1081661395.forwarded_values.2759845635.headers.#": "0",
                            "default_cache_behavior.1081661395.forwarded_values.2759845635.query_string": "false",
                            "default_cache_behavior.1081661395.forwarded_values.2759845635.query_string_cache_keys.#": "0",
                            "default_cache_behavior.1081661395.lambda_function_association.#": "0",
                            "default_cache_behavior.1081661395.max_ttl": "31536000",
                            "default_cache_behavior.1081661395.min_ttl": "0",
                            "default_cache_behavior.1081661395.smooth_streaming": "false",
                            "default_cache_behavior.1081661395.target_origin_id": "default",
                            "default_cache_behavior.1081661395.trusted_signers.#": "0",
                            "default_cache_behavior.1081661395.viewer_protocol_policy": "allow-all",
                            "default_root_object": "",
                            "domain_name": "d3am6xf9zisc71.cloudfront.net",
                            "enabled": "true",
                            "etag": "E384X5KTZ2A2PM",
                            "hosted_zone_id": "Z2FDTNDATAQYW2",
                            "http_version": "http2",
                            "id": "EHWVBK5PMXWW4",
                            "in_progress_validation_batches": "0",
                            "is_ipv6_enabled": "true",
                            "last_modified_time": "2018-12-15 16:21:50.45 +0000 UTC",
                            "logging_config.#": "1",
                            "logging_config.3965461843.bucket": "nix-cache-logs.s3.amazonaws.com",
                            "logging_config.3965461843.include_cookies": "false",
                            "logging_config.3965461843.prefix": "",
                            "ordered_cache_behavior.#": "0",
                            "origin.#": "1",
                            "origin.524910836.custom_header.#": "0",
                            "origin.524910836.custom_origin_config.#": "1",
                            "origin.524910836.custom_origin_config.2335875933.http_port": "80",
                            "origin.524910836.custom_origin_config.2335875933.https_port": "443",
                            "origin.524910836.custom_origin_config.2335875933.origin_keepalive_timeout": "5",
                            "origin.524910836.custom_origin_config.2335875933.origin_protocol_policy": "http-only",
                            "origin.524910836.custom_origin_config.2335875933.origin_read_timeout": "30",
                            "origin.524910836.custom_origin_config.2335875933.origin_ssl_protocols.#": "1",
                            "origin.524910836.custom_origin_config.2335875933.origin_ssl_protocols.0": "TLSv1.2",
                            "origin.524910836.domain_name": "nixpkgs-tarballs.s3-website-eu-west-1.amazonaws.com",
                            "origin.524910836.origin_id": "default",
                            "origin.524910836.origin_path": "",
                            "origin.524910836.s3_origin_config.#": "0",
                            "price_class": "PriceClass_All",
                            "restrictions.#": "1",
                            "restrictions.1097372288.geo_restriction.#": "1",
                            "restrictions.1097372288.geo_restriction.2625240281.locations.#": "0",
                            "restrictions.1097372288.geo_restriction.2625240281.restriction_type": "none",
                            "retain_on_delete": "false",
                            "status": "InProgress",
                            "tags.%": "0",
                            "viewer_certificate.#": "1",
                            "viewer_certificate.1277770271.acm_certificate_arn": "arn:aws:acm:us-east-1:080433136561:certificate/c0255aa0-897b-4e45-96db-60008797df4c",
                            "viewer_certificate.1277770271.cloudfront_default_certificate": "false",
                            "viewer_certificate.1277770271.iam_certificate_id": "",
                            "viewer_certificate.1277770271.minimum_protocol_version": "TLSv1",
                            "viewer_certificate.1277770271.ssl_support_method": "sni-only",
                            "web_acl_id": ""
                        },
                        "meta": {},
                        "tainted": false
                    },
                    "deposed": [],
                    "provider": "provider.aws"
                },
                "aws_cloudfront_distribution.releases": {
                    "type": "aws_cloudfront_distribution",
                    "depends_on": [
                        "aws_acm_certificate.releases",
                        "aws_s3_bucket.releases"
                    ],
                    "primary": {
                        "id": "E1R2S3RQR700YL",
                        "attributes": {
                            "active_trusted_signers.%": "2",
                            "active_trusted_signers.enabled": "false",
                            "active_trusted_signers.items.#": "0",
                            "aliases.#": "1",
                            "aliases.1570025306": "releases.nixos.org",
                            "arn": "arn:aws:cloudfront::080433136561:distribution/E1R2S3RQR700YL",
                            "cache_behavior.#": "0",
                            "caller_reference": "1474898320485",
                            "custom_error_response.#": "0",
                            "default_cache_behavior.#": "1",
                            "default_cache_behavior.1081661395.allowed_methods.#": "2",
                            "default_cache_behavior.1081661395.allowed_methods.0": "HEAD",
                            "default_cache_behavior.1081661395.allowed_methods.1": "GET",
                            "default_cache_behavior.1081661395.cached_methods.#": "2",
                            "default_cache_behavior.1081661395.cached_methods.0": "HEAD",
                            "default_cache_behavior.1081661395.cached_methods.1": "GET",
                            "default_cache_behavior.1081661395.compress": "false",
                            "default_cache_behavior.1081661395.default_ttl": "86400",
                            "default_cache_behavior.1081661395.field_level_encryption_id": "",
                            "default_cache_behavior.1081661395.forwarded_values.#": "1",
                            "default_cache_behavior.1081661395.forwarded_values.2759845635.cookies.#": "1",
                            "default_cache_behavior.1081661395.forwarded_values.2759845635.cookies.2625240281.forward": "none",
                            "default_cache_behavior.1081661395.forwarded_values.2759845635.cookies.2625240281.whitelisted_names.#": "0",
                            "default_cache_behavior.1081661395.forwarded_values.2759845635.headers.#": "0",
                            "default_cache_behavior.1081661395.forwarded_values.2759845635.query_string": "false",
                            "default_cache_behavior.1081661395.forwarded_values.2759845635.query_string_cache_keys.#": "0",
                            "default_cache_behavior.1081661395.lambda_function_association.#": "0",
                            "default_cache_behavior.1081661395.max_ttl": "31536000",
                            "default_cache_behavior.1081661395.min_ttl": "0",
                            "default_cache_behavior.1081661395.smooth_streaming": "false",
                            "default_cache_behavior.1081661395.target_origin_id": "default",
                            "default_cache_behavior.1081661395.trusted_signers.#": "0",
                            "default_cache_behavior.1081661395.viewer_protocol_policy": "allow-all",
                            "default_root_object": "",
                            "domain_name": "d3g5gsiof5omrk.cloudfront.net",
                            "enabled": "true",
                            "etag": "E1QOBUGP4J0BY5",
                            "hosted_zone_id": "Z2FDTNDATAQYW2",
                            "http_version": "http2",
                            "id": "E1R2S3RQR700YL",
                            "in_progress_validation_batches": "0",
                            "is_ipv6_enabled": "true",
                            "last_modified_time": "2018-12-15 16:21:50.44 +0000 UTC",
                            "logging_config.#": "1",
                            "logging_config.3965461843.bucket": "nix-cache-logs.s3.amazonaws.com",
                            "logging_config.3965461843.include_cookies": "false",
                            "logging_config.3965461843.prefix": "",
                            "ordered_cache_behavior.#": "0",
                            "origin.#": "1",
                            "origin.1787466958.custom_header.#": "0",
                            "origin.1787466958.custom_origin_config.#": "0",
                            "origin.1787466958.domain_name": "nix-releases.s3.amazonaws.com",
                            "origin.1787466958.origin_id": "default",
                            "origin.1787466958.origin_path": "",
                            "origin.1787466958.s3_origin_config.#": "0",
                            "price_class": "PriceClass_All",
                            "restrictions.#": "1",
                            "restrictions.1097372288.geo_restriction.#": "1",
                            "restrictions.1097372288.geo_restriction.2625240281.locations.#": "0",
                            "restrictions.1097372288.geo_restriction.2625240281.restriction_type": "none",
                            "retain_on_delete": "false",
                            "status": "InProgress",
                            "tags.%": "0",
                            "viewer_certificate.#": "1",
                            "viewer_certificate.3707531920.acm_certificate_arn": "arn:aws:acm:us-east-1:080433136561:certificate/be1b9948-6bd7-47f1-b54e-3ec9c84da574",
                            "viewer_certificate.3707531920.cloudfront_default_certificate": "false",
                            "viewer_certificate.3707531920.iam_certificate_id": "",
                            "viewer_certificate.3707531920.minimum_protocol_version": "TLSv1",
                            "viewer_certificate.3707531920.ssl_support_method": "sni-only",
                            "web_acl_id": ""
                        },
                        "meta": {},
                        "tainted": false
                    },
                    "deposed": [],
                    "provider": "provider.aws"
                },
                "aws_s3_bucket.cache": {
                    "type": "aws_s3_bucket",
                    "depends_on": [],
                    "primary": {
                        "id": "nix-cache",
                        "attributes": {
                            "acceleration_status": "",
                            "acl": "private",
                            "arn": "arn:aws:s3:::nix-cache",
                            "bucket": "nix-cache",
                            "bucket_domain_name": "nix-cache.s3.amazonaws.com",
                            "bucket_regional_domain_name": "nix-cache.s3.amazonaws.com",
                            "cors_rule.#": "1",
                            "cors_rule.0.allowed_headers.#": "1",
                            "cors_rule.0.allowed_headers.0": "Authorization",
                            "cors_rule.0.allowed_methods.#": "1",
                            "cors_rule.0.allowed_methods.0": "GET",
                            "cors_rule.0.allowed_origins.#": "1",
                            "cors_rule.0.allowed_origins.0": "*",
                            "cors_rule.0.expose_headers.#": "0",
                            "cors_rule.0.max_age_seconds": "3000",
                            "force_destroy": "false",
                            "hosted_zone_id": "Z3AQBSTGFYJSTF",
                            "id": "nix-cache",
                            "lifecycle_rule.#": "1",
                            "lifecycle_rule.0.abort_incomplete_multipart_upload_days": "0",
                            "lifecycle_rule.0.enabled": "true",
                            "lifecycle_rule.0.expiration.#": "0",
                            "lifecycle_rule.0.id": "Infrequent Access",
                            "lifecycle_rule.0.noncurrent_version_expiration.#": "0",
                            "lifecycle_rule.0.noncurrent_version_transition.#": "0",
                            "lifecycle_rule.0.prefix": "",
                            "lifecycle_rule.0.tags.%": "0",
                            "lifecycle_rule.0.transition.#": "1",
                            "lifecycle_rule.0.transition.536090945.date": "",
                            "lifecycle_rule.0.transition.536090945.days": "365",
                            "lifecycle_rule.0.transition.536090945.storage_class": "STANDARD_IA",
                            "logging.#": "0",
                            "region": "us-east-1",
                            "replication_configuration.#": "0",
                            "request_payer": "BucketOwner",
                            "server_side_encryption_configuration.#": "0",
                            "tags.%": "0",
                            "versioning.#": "1",
                            "versioning.0.enabled": "false",
                            "versioning.0.mfa_delete": "false",
                            "website.#": "0"
                        },
                        "meta": {},
                        "tainted": false
                    },
                    "deposed": [],
                    "provider": "provider.aws.us"
                },
                "aws_s3_bucket.nixpkgs-tarballs": {
                    "type": "aws_s3_bucket",
                    "depends_on": [],
                    "primary": {
                        "id": "nixpkgs-tarballs",
                        "attributes": {
                            "acceleration_status": "",
                            "acl": "private",
                            "arn": "arn:aws:s3:::nixpkgs-tarballs",
                            "bucket": "nixpkgs-tarballs",
                            "bucket_domain_name": "nixpkgs-tarballs.s3.amazonaws.com",
                            "bucket_regional_domain_name": "nixpkgs-tarballs.s3.EU.amazonaws.com",
                            "cors_rule.#": "0",
                            "force_destroy": "false",
                            "id": "nixpkgs-tarballs",
                            "lifecycle_rule.#": "0",
                            "logging.#": "0",
                            "region": "EU",
                            "replication_configuration.#": "0",
                            "request_payer": "BucketOwner",
                            "server_side_encryption_configuration.#": "0",
                            "tags.%": "0",
                            "versioning.#": "1",
                            "versioning.0.enabled": "false",
                            "versioning.0.mfa_delete": "false",
                            "website.#": "1",
                            "website.0.error_document": "",
                            "website.0.index_document": "index.html",
                            "website.0.redirect_all_requests_to": "",
                            "website.0.routing_rules": "",
                            "website_domain": "s3-website.EU.amazonaws.com",
                            "website_endpoint": "nixpkgs-tarballs.s3-website.EU.amazonaws.com"
                        },
                        "meta": {},
                        "tainted": false
                    },
                    "deposed": [],
                    "provider": "provider.aws"
                },
                "aws_s3_bucket.releases": {
                    "type": "aws_s3_bucket",
                    "depends_on": [],
                    "primary": {
                        "id": "nix-releases",
                        "attributes": {
                            "acceleration_status": "",
                            "acl": "private",
                            "arn": "arn:aws:s3:::nix-releases",
                            "bucket": "nix-releases",
                            "bucket_domain_name": "nix-releases.s3.amazonaws.com",
                            "bucket_regional_domain_name": "nix-releases.s3.EU.amazonaws.com",
                            "cors_rule.#": "1",
                            "cors_rule.0.allowed_headers.#": "1",
                            "cors_rule.0.allowed_headers.0": "*",
                            "cors_rule.0.allowed_methods.#": "2",
                            "cors_rule.0.allowed_methods.0": "HEAD",
                            "cors_rule.0.allowed_methods.1": "GET",
                            "cors_rule.0.allowed_origins.#": "1",
                            "cors_rule.0.allowed_origins.0": "*",
                            "cors_rule.0.expose_headers.#": "1",
                            "cors_rule.0.expose_headers.0": "ETag",
                            "cors_rule.0.max_age_seconds": "3600",
                            "force_destroy": "false",
                            "id": "nix-releases",
                            "lifecycle_rule.#": "0",
                            "logging.#": "0",
                            "region": "EU",
                            "replication_configuration.#": "0",
                            "request_payer": "BucketOwner",
                            "server_side_encryption_configuration.#": "0",
                            "tags.%": "0",
                            "versioning.#": "1",
                            "versioning.0.enabled": "false",
                            "versioning.0.mfa_delete": "false",
                            "website.#": "0"
                        },
                        "meta": {},
                        "tainted": false
                    },
                    "deposed": [],
                    "provider": "provider.aws"
                },
                "aws_s3_bucket_policy.cache": {
                    "type": "aws_s3_bucket_policy",
                    "depends_on": [
                        "aws_s3_bucket.cache"
                    ],
                    "primary": {
                        "id": "nix-cache",
                        "attributes": {
                            "bucket": "nix-cache",
                            "id": "nix-cache",
                            "policy": "{\"Version\":\"2008-10-17\",\"Statement\":[{\"Sid\":\"AllowPublicRead\",\"Effect\":\"Allow\",\"Principal\":{\"AWS\":\"*\"},\"Action\":\"s3:GetObject\",\"Resource\":\"arn:aws:s3:::nix-cache/*\"},{\"Sid\":\"AllowUploadDebuginfoWrite\",\"Effect\":\"Allow\",\"Principal\":{\"AWS\":\"arn:aws:iam::080433136561:user/s3-upload-releases\"},\"Action\":[\"s3:PutObject\",\"s3:PutObjectAcl\"],\"Resource\":\"arn:aws:s3:::nix-cache/debuginfo/*\"},{\"Sid\":\"AllowUploadDebuginfoRead\",\"Effect\":\"Allow\",\"Principal\":{\"AWS\":\"arn:aws:iam::080433136561:user/s3-upload-releases\"},\"Action\":\"s3:GetObject\",\"Resource\":\"arn:aws:s3:::nix-cache/*\"},{\"Sid\":\"AllowUploadDebuginfoRead2\",\"Effect\":\"Allow\",\"Principal\":{\"AWS\":\"arn:aws:iam::080433136561:user/s3-upload-releases\"},\"Action\":[\"s3:ListBucket\",\"s3:GetBucketLocation\"],\"Resource\":\"arn:aws:s3:::nix-cache\"}]}"
                        },
                        "meta": {},
                        "tainted": false
                    },
                    "deposed": [],
                    "provider": "provider.aws.us"
                },
                "aws_s3_bucket_policy.nixpkgs-tarballs": {
                    "type": "aws_s3_bucket_policy",
                    "depends_on": [],
                    "primary": {
                        "id": "nixpkgs-tarballs",
                        "attributes": {
                            "bucket": "nixpkgs-tarballs",
                            "id": "nixpkgs-tarballs",
                            "policy": "{\"Version\":\"2008-10-17\",\"Statement\":[{\"Sid\":\"AllowPublicRead\",\"Effect\":\"Allow\",\"Principal\":{\"AWS\":\"*\"},\"Action\":\"s3:GetObject\",\"Resource\":\"arn:aws:s3:::nixpkgs-tarballs/*\"},{\"Sid\":\"AllowUpload\",\"Effect\":\"Allow\",\"Principal\":{\"AWS\":\"arn:aws:iam::080433136561:user/s3-upload-tarballs\"},\"Action\":[\"s3:PutObject\",\"s3:PutObjectAcl\"],\"Resource\":\"arn:aws:s3:::nixpkgs-tarballs/*\"},{\"Sid\":\"AllowUpload2\",\"Effect\":\"Allow\",\"Principal\":{\"AWS\":\"arn:aws:iam::080433136561:user/s3-upload-tarballs\"},\"Action\":\"s3:ListBucket\",\"Resource\":\"arn:aws:s3:::nixpkgs-tarballs\"},{\"Sid\":\"CopumpkinAllowUpload\",\"Effect\":\"Allow\",\"Principal\":{\"AWS\":\"arn:aws:iam::390897850978:root\"},\"Action\":[\"s3:PutObject\",\"s3:PutObjectAcl\"],\"Resource\":\"arn:aws:s3:::nixpkgs-tarballs/*\"},{\"Sid\":\"CopumpkinAllowUpload2\",\"Effect\":\"Allow\",\"Principal\":{\"AWS\":\"arn:aws:iam::390897850978:root\"},\"Action\":\"s3:ListBucket\",\"Resource\":\"arn:aws:s3:::nixpkgs-tarballs\"},{\"Sid\":\"ShlevyAllowUpload\",\"Effect\":\"Allow\",\"Principal\":{\"AWS\":\"arn:aws:iam::976576280863:user/shlevy\"},\"Action\":[\"s3:PutObject\",\"s3:PutObjectAcl\"],\"Resource\":\"arn:aws:s3:::nixpkgs-tarballs/*\"},{\"Sid\":\"ShlevyAllowUpload2\",\"Effect\":\"Allow\",\"Principal\":{\"AWS\":\"arn:aws:iam::976576280863:user/shlevy\"},\"Action\":\"s3:ListBucket\",\"Resource\":\"arn:aws:s3:::nixpkgs-tarballs\"},{\"Sid\":\"DaiderdAllowUpload\",\"Effect\":\"Allow\",\"Principal\":{\"AWS\":\"arn:aws:iam::014292808257:user/lnl7\"},\"Action\":[\"s3:PutObject\",\"s3:PutObjectAcl\"],\"Resource\":\"arn:aws:s3:::nixpkgs-tarballs/*\"},{\"Sid\":\"DaiderdAllowUpload2\",\"Effect\":\"Allow\",\"Principal\":{\"AWS\":\"arn:aws:iam::014292808257:user/lnl7\"},\"Action\":\"s3:ListBucket\",\"Resource\":\"arn:aws:s3:::nixpkgs-tarballs\"}]}"
                        },
                        "meta": {},
                        "tainted": false
                    },
                    "deposed": [],
                    "provider": "provider.aws"
                },
                "aws_s3_bucket_policy.releases": {
                    "type": "aws_s3_bucket_policy",
                    "depends_on": [
                        "aws_s3_bucket.releases",
                        "data.aws_iam_policy_document.releases"
                    ],
                    "primary": {
                        "id": "nix-releases",
                        "attributes": {
                            "bucket": "nix-releases",
                            "id": "nix-releases",
                            "policy": "{\"Version\":\"2012-10-17\",\"Statement\":[{\"Sid\":\"1\",\"Effect\":\"Allow\",\"Principal\":{\"AWS\":\"*\"},\"Action\":\"s3:GetObject\",\"Resource\":\"arn:aws:s3:::nix-releases/*\"}]}"
                        },
                        "meta": {},
                        "tainted": false
                    },
                    "deposed": [],
                    "provider": "provider.aws"
                },
                "data.aws_iam_policy_document.releases": {
                    "type": "aws_iam_policy_document",
                    "depends_on": [
                        "aws_s3_bucket.releases"
                    ],
                    "primary": {
                        "id": "3159338800",
                        "attributes": {
                            "id": "3159338800",
                            "json": "{\n  \"Version\": \"2012-10-17\",\n  \"Statement\": [\n    {\n      \"Sid\": \"1\",\n      \"Effect\": \"Allow\",\n      \"Action\": \"s3:GetObject\",\n      \"Resource\": \"arn:aws:s3:::nix-releases/*\",\n      \"Principal\": {\n        \"AWS\": \"*\"\n      }\n    }\n  ]\n}",
                            "statement.#": "1",
                            "statement.0.actions.#": "1",
                            "statement.0.actions.2071725391": "s3:GetObject",
                            "statement.0.condition.#": "0",
                            "statement.0.effect": "Allow",
                            "statement.0.not_actions.#": "0",
                            "statement.0.not_principals.#": "0",
                            "statement.0.not_resources.#": "0",
                            "statement.0.principals.#": "1",
                            "statement.0.principals.636693895.identifiers.#": "1",
                            "statement.0.principals.636693895.identifiers.2679715827": "*",
                            "statement.0.principals.636693895.type": "AWS",
                            "statement.0.resources.#": "1",
                            "statement.0.resources.1891879449": "arn:aws:s3:::nix-releases/*",
                            "statement.0.sid": "1"
                        },
                        "meta": {},
                        "tainted": false
                    },
                    "deposed": [],
                    "provider": "provider.aws"
                },
                "fastly_service_v1.nixpkgs-tarballs": {
                    "type": "fastly_service_v1",
                    "depends_on": [
                        "local.tarballs_fqdn"
                    ],
                    "primary": {
                        "id": "3z4j8BCi1YqXEqGuwkFn6Q",
                        "attributes": {
                            "active_version": "1",
                            "backend.#": "1",
                            "backend.1375346068.address": "nixpkgs-tarballs.s3-website.EU.amazonaws.com",
                            "backend.1375346068.auto_loadbalance": "true",
                            "backend.1375346068.between_bytes_timeout": "10000",
                            "backend.1375346068.connect_timeout": "1000",
                            "backend.1375346068.error_threshold": "0",
                            "backend.1375346068.first_byte_timeout": "15000",
                            "backend.1375346068.healthcheck": "",
                            "backend.1375346068.max_conn": "200",
                            "backend.1375346068.max_tls_version": "",
                            "backend.1375346068.min_tls_version": "",
                            "backend.1375346068.name": "AWS S3 website",
                            "backend.1375346068.port": "443",
                            "backend.1375346068.request_condition": "",
                            "backend.1375346068.shield": "",
                            "backend.1375346068.ssl_ca_cert": "",
                            "backend.1375346068.ssl_cert_hostname": "nixpkgs-tarballs.s3-website.EU.amazonaws.com",
                            "backend.1375346068.ssl_check_cert": "true",
                            "backend.1375346068.ssl_ciphers": "",
                            "backend.1375346068.ssl_client_cert": "",
                            "backend.1375346068.ssl_client_key": "",
                            "backend.1375346068.ssl_hostname": "",
                            "backend.1375346068.ssl_sni_hostname": "",
                            "backend.1375346068.use_ssl": "true",
                            "backend.1375346068.weight": "100",
                            "bigquerylogging.#": "0",
                            "cache_setting.#": "0",
                            "condition.#": "0",
                            "default_host": "nixpkgs-tarballs.s3-website.EU.amazonaws.com",
                            "default_ttl": "3600",
                            "domain.#": "1",
                            "domain.1135829207.comment": "nixpkgs-tarballs",
                            "domain.1135829207.name": "tarballs.nixos.org",
                            "force_destroy": "true",
                            "gcslogging.#": "0",
                            "gzip.#": "0",
                            "header.#": "3",
                            "header.137251362.action": "delete",
                            "header.137251362.cache_condition": "",
                            "header.137251362.destination": "http.x-amz-version-id",
                            "header.137251362.ignore_if_set": "false",
                            "header.137251362.name": "remove x-amz-version-id",
                            "header.137251362.priority": "100",
                            "header.137251362.regex": "",
                            "header.137251362.request_condition": "",
                            "header.137251362.response_condition": "",
                            "header.137251362.source": "",
                            "header.137251362.substitution": "",
                            "header.137251362.type": "cache",
                            "header.1374723720.action": "delete",
                            "header.1374723720.cache_condition": "",
                            "header.1374723720.destination": "http.x-amz-request-id",
                            "header.1374723720.ignore_if_set": "false",
                            "header.1374723720.name": "remove x-amz-request-id",
                            "header.1374723720.priority": "100",
                            "header.1374723720.regex": "",
                            "header.1374723720.request_condition": "",
                            "header.1374723720.response_condition": "",
                            "header.1374723720.source": "",
                            "header.1374723720.substitution": "",
                            "header.1374723720.type": "cache",
                            "header.855689294.action": "delete",
                            "header.855689294.cache_condition": "",
                            "header.855689294.destination": "http.x-amz-id-2",
                            "header.855689294.ignore_if_set": "false",
                            "header.855689294.name": "remove x-amz-id-2",
                            "header.855689294.priority": "100",
                            "header.855689294.regex": "",
                            "header.855689294.request_condition": "",
                            "header.855689294.response_condition": "",
                            "header.855689294.source": "",
                            "header.855689294.substitution": "",
                            "header.855689294.type": "cache",
                            "healthcheck.#": "0",
                            "id": "3z4j8BCi1YqXEqGuwkFn6Q",
                            "logentries.#": "0",
                            "name": "tarballs.nixos.org",
                            "papertrail.#": "0",
                            "request_setting.#": "0",
                            "response_object.#": "0",
                            "s3logging.#": "0",
                            "sumologic.#": "0",
                            "syslog.#": "0",
                            "vcl.#": "0"
                        },
                        "meta": {},
                        "tainted": false
                    },
                    "deposed": [],
                    "provider": "provider.fastly"
                }
            },
            "depends_on": []
        }
    ]
}
