{
  "nodes": {
    "hydra": {
      "inputs": {
        "nix": "nix",
        "nixpkgs": "nixpkgs_2"
      },
      "locked": {
        "lastModified": 1589990287,
        "narHash": "sha256-IQB1wKIL1LpYbGF1zzxKgFMEqvVXRCY4c5oeSFE37ec=",
        "owner": "NixOS",
        "repo": "hydra",
        "rev": "3c6b724f921132b06a16d933d5f215788f88d0e1",
        "type": "github"
      },
      "original": {
        "id": "hydra",
        "type": "indirect"
      }
    },
    "nix": {
      "inputs": {
        "nixpkgs": "nixpkgs"
      },
      "locked": {
        "lastModified": 1588846396,
        "narHash": "sha256-hUaWny0R5mBgHkP8Z+NBR7uBR7zp2FyxhcDi5LK4qxI=",
        "owner": "NixOS",
        "repo": "nix",
        "rev": "14a3a62bfca6c572b9a415cfa80cdbd7ad4326b3",
        "type": "github"
      },
      "original": {
        "id": "nix",
        "type": "indirect"
      }
    },
    "nix_2": {
      "inputs": {
        "nixpkgs": "nixpkgs_3"
      },
      "locked": {
        "lastModified": 1591705222,
        "narHash": "sha256-gvwA3K3hTS1OAF86naMdXmsn9RVx5bdIg6YCifrYepg=",
        "owner": "NixOS",
        "repo": "nix",
        "rev": "29e0748847dfeabbfaabbec8a588088fd1887fb1",
        "type": "github"
      },
      "original": {
        "id": "nix",
        "type": "indirect"
      }
    },
    "nixpkgs": {
      "locked": {
        "lastModified": 1585405475,
        "narHash": "sha256-bESW0n4KgPmZ0luxvwJ+UyATrC6iIltVCsGdLiphVeE=",
        "owner": "NixOS",
        "repo": "nixpkgs",
        "rev": "b88ff468e9850410070d4e0ccd68c7011f15b2be",
        "type": "github"
      },
      "original": {
        "id": "nixpkgs",
        "ref": "nixos-20.03-small",
        "type": "indirect"
      }
    },
    "nixpkgs_2": {
      "locked": {
        "lastModified": 1586219474,
        "narHash": "sha256-fvfrMnEA2lDnXvH/eInGV5i0sO/EGLVHa4pOek8VG78=",
        "owner": "NixOS",
        "repo": "nixpkgs",
        "rev": "29eddfc36d720dcc4822581175217543b387b1e8",
        "type": "github"
      },
      "original": {
        "id": "nixpkgs",
        "ref": "nixos-20.03",
        "type": "indirect"
      }
    },
    "nixpkgs_3": {
      "locked": {
        "lastModified": 1591633336,
        "narHash": "sha256-oVXv4xAnDJB03LvZGbC72vSVlIbbJr8tpjEW5o/Fdek=",
        "owner": "NixOS",
        "repo": "nixpkgs",
        "rev": "70717a337f7ae4e486ba71a500367cad697e5f09",
        "type": "github"
      },
      "original": {
        "id": "nixpkgs",
        "ref": "nixos-20.03-small",
        "type": "indirect"
      }
    },
    "nixpkgs_4": {
      "locked": {
        "lastModified": 1591633336,
        "narHash": "sha256-oVXv4xAnDJB03LvZGbC72vSVlIbbJr8tpjEW5o/Fdek=",
        "owner": "NixOS",
        "repo": "nixpkgs",
        "rev": "70717a337f7ae4e486ba71a500367cad697e5f09",
        "type": "github"
      },
      "original": {
        "id": "nixpkgs",
        "ref": "nixos-20.03",
        "type": "indirect"
      }
    },
    "root": {
      "inputs": {
        "hydra": "hydra",
        "nix": "nix_2",
        "nixpkgs": "nixpkgs_4"
      }
    }
  },
  "root": "root",
  "version": 6
}
