{
  "nodes": {
    "hydra": {
      "inputs": {
        "nix": "nix",
        "nixpkgs": [
          "hydra",
          "nix",
          "nixpkgs"
        ]
      },
      "locked": {
        "lastModified": 1619081061,
        "narHash": "sha256-H0Z8j5ipJZhGiNQFneIK67+ZZa+1NM/BtqLXMN47/c8=",
        "owner": "NixOS",
        "repo": "hydra",
        "rev": "85e299d3d7883f5b8a0394784f918e30f91bf8d7",
        "type": "github"
      },
      "original": {
        "id": "hydra",
        "type": "indirect"
      }
    },
    "nix": {
      "inputs": {
        "nixpkgs": "nixpkgs"
      },
      "locked": {
        "lastModified": 1619080380,
        "narHash": "sha256-DKXtLoiSMuNaq5km6FAWqJOpilSCFJQ0or8btfWH6mo=",
        "owner": "NixOS",
        "repo": "nix",
        "rev": "d9864be4b757468d33bc49edddce5e4f04ef4b90",
        "type": "github"
      },
      "original": {
        "id": "nix",
        "type": "indirect"
      }
    },
    "nixpkgs": {
      "locked": {
        "lastModified": 1614309161,
        "narHash": "sha256-93kRxDPyEW9QIpxU71kCaV1r+hgOgP6/aVgC7vvO8IU=",
        "owner": "NixOS",
        "repo": "nixpkgs",
        "rev": "0e499fde7af3c28d63e9b13636716b86c3162b93",
        "type": "github"
      },
      "original": {
        "id": "nixpkgs",
        "ref": "nixos-20.09-small",
        "type": "indirect"
      }
    },
    "nixpkgs_2": {
      "locked": {
        "lastModified": 1618853290,
        "narHash": "sha256-K4fddnrGOcKL+6CEchRrVmepiwvwvHxB87goqBTI5Bs=",
        "owner": "NixOS",
        "repo": "nixpkgs",
        "rev": "9a1672105db0eebe8ef59f310397435f2d0298d0",
        "type": "github"
      },
      "original": {
        "id": "nixpkgs",
        "ref": "nixos-20.09",
        "type": "indirect"
      }
    },
    "root": {
      "inputs": {
        "hydra": "hydra",
        "nix": [
          "hydra",
          "nix"
        ],
        "nixpkgs": "nixpkgs_2"
      }
    }
  },
  "root": "root",
  "version": 7
}
