{
  "nodes": {
    "hydra": {
      "inputs": {
        "nix": "nix",
        "nixpkgs": [
          "hydra",
          "nix",
          "nixpkgs"
        ]
      },
      "locked": {
        "lastModified": 1618933282,
        "narHash": "sha256-05Ch+i30lZePqHDmq8NrcEy0vSkpZRJr5H+L1XiK/YE=",
        "owner": "regnat",
        "repo": "hydra",
        "rev": "6b5c8870c49c091a639d576779a1af986281b7ca",
        "type": "github"
      },
      "original": {
        "id": "hydra",
        "type": "indirect"
      }
    },
    "nix": {
      "inputs": {
        "nixpkgs": "nixpkgs"
      },
      "locked": {
        "lastModified": 1618390978,
        "narHash": "sha256-hu5yAXvc85T7FljK+3gdCkkCCTVpK5D1Rtz9byZoL9E=",
        "owner": "NixOS",
        "repo": "nix",
        "rev": "709a60a045688cc5921574155958af9bc2349d02",
        "type": "github"
      },
      "original": {
        "id": "nix",
        "type": "indirect"
      }
    },
    "nixpkgs": {
      "locked": {
        "lastModified": 1614309161,
        "narHash": "sha256-93kRxDPyEW9QIpxU71kCaV1r+hgOgP6/aVgC7vvO8IU=",
        "owner": "NixOS",
        "repo": "nixpkgs",
        "rev": "0e499fde7af3c28d63e9b13636716b86c3162b93",
        "type": "github"
      },
      "original": {
        "id": "nixpkgs",
        "ref": "nixos-20.09-small",
        "type": "indirect"
      }
    },
    "nixpkgs_2": {
      "locked": {
        "lastModified": 1618853290,
        "narHash": "sha256-K4fddnrGOcKL+6CEchRrVmepiwvwvHxB87goqBTI5Bs=",
        "owner": "NixOS",
        "repo": "nixpkgs",
        "rev": "9a1672105db0eebe8ef59f310397435f2d0298d0",
        "type": "github"
      },
      "original": {
        "id": "nixpkgs",
        "ref": "nixos-20.09",
        "type": "indirect"
      }
    },
    "root": {
      "inputs": {
        "hydra": "hydra",
        "nix": [
          "hydra",
          "nix"
        ],
        "nixpkgs": "nixpkgs_2"
      }
    }
  },
  "root": "root",
  "version": 7
}
