{
  "nodes": {
    "nixpkgs": {
      "locked": {
        "lastModified": 1643797576,
        "narHash": "sha256-o4aiI/W3V8qVkEyr/j9lrGhQ+NDcdIgZLyeIBJePy3A=",
        "owner": "garbas",
        "repo": "nixpkgs",
        "rev": "53be4bd13cb8f25ab93a92d1373ad66178e9aec6",
        "type": "github"
      },
      "original": {
        "owner": "garbas",
        "ref": "update-limesurvey",
        "repo": "nixpkgs",
        "type": "github"
      }
    },
    "root": {
      "inputs": {
        "nixpkgs": "nixpkgs"
      }
    }
  },
  "root": "root",
  "version": 7
}
