{
  "nodes": {
    "darwin": {
      "inputs": {
        "nixpkgs": [
          "nixpkgs"
        ]
      },
      "locked": {
        "lastModified": 1726188813,
        "narHash": "sha256-Vop/VRi6uCiScg/Ic+YlwsdIrLabWUJc57dNczp0eBc=",
        "owner": "LnL7",
        "repo": "nix-darwin",
        "rev": "21fe31f26473c180390cfa81e3ea81aca0204c80",
        "type": "github"
      },
      "original": {
        "owner": "LnL7",
        "repo": "nix-darwin",
        "type": "github"
      }
    },
    "nixpkgs": {
      "locked": {
        "lastModified": 1726396940,
        "narHash": "sha256-EpiSl9nSINTmIW6MG6CulGwNAa6sHrBt8gQdyHUXzR4=",
        "owner": "nixos",
        "repo": "nixpkgs",
        "rev": "76d7694a3f681b0b750c01783df5d2177ef39fe7",
        "type": "github"
      },
      "original": {
        "owner": "nixos",
        "ref": "nixpkgs-unstable",
        "repo": "nixpkgs",
        "type": "github"
      }
    },
    "root": {
      "inputs": {
        "darwin": "darwin",
        "nixpkgs": "nixpkgs"
      }
    }
  },
  "root": "root",
  "version": 7
}
