{
  "inputs": {
    "nix": {
      "info": {
        "lastModified": 1583864507,
        "narHash": "sha256-ZlxmjWQfL0v/GoI1Hxk0HrJn4ysZXS0I0keV723/riw="
      },
      "inputs": {
        "nixpkgs": {
          "info": {
            "lastModified": 1580555706,
            "narHash": "sha256-ly5Gxl9yZgW2w1F3aDU5bvg34Ct+juUaOg8vue+Mkbo="
          },
          "inputs": {},
          "locked": {
            "owner": "edolstra",
            "repo": "nixpkgs",
            "rev": "43e283790fbe330b723ac44b584824cf6d85c1ee",
            "type": "github"
          },
          "original": {
            "id": "nixpkgs",
            "ref": "release-19.09",
            "type": "indirect"
          }
        }
      },
      "locked": {
        "owner": "NixOS",
        "repo": "nix",
        "rev": "cfc38257cfcdabd34151d723906b38873e7ef6d0",
        "type": "github"
      },
      "original": {
        "owner": "NixOS",
        "repo": "nix",
        "rev": "cfc38257cfcdabd34151d723906b38873e7ef6d0",
        "type": "github"
      }
    },
    "nixops": {
      "info": {
        "lastModified": 1578425074,
        "narHash": "sha256-AEEir6CFO2+QuL4YhAIM242bUiIs83evMGEfD7NHIxE="
      },
      "inputs": {
        "nixops-aws": {
          "info": {
            "narHash": "sha256-52bD9sLWFjZxP9P2/2pjeoiqnN5Bic0o6mX/5B1IDKo="
          },
          "inputs": {},
          "locked": {
            "owner": "NixOS",
            "repo": "nixops-aws",
            "rev": "0da38bb5de82d7a118ac32ebefa7a2d5869ba5ab",
            "type": "github"
          },
          "original": {
            "owner": "NixOS",
            "repo": "nixops-aws",
            "type": "github"
          }
        },
        "nixops-hetzner": {
          "info": {
            "narHash": "sha256-4UVLwdLw17YHs1ZJR3eJGINgv1TdZytJIRrh+w6TtN4="
          },
          "inputs": {},
          "locked": {
            "owner": "NixOS",
            "repo": "nixops-hetzner",
            "rev": "33256100466e9624af21312d2ae0da8b0b80354a",
            "type": "github"
          },
          "original": {
            "owner": "NixOS",
            "ref": "zfs",
            "repo": "nixops-hetzner",
            "type": "github"
          }
        },
        "nixpkgs": {
          "info": {
            "narHash": "sha256-UcPmWgmf7Xgr4Ta8YjLuuxqzLmIYSk+uL2gPy/5bqmk="
          },
          "inputs": {},
          "locked": {
            "owner": "edolstra",
            "repo": "nixpkgs",
            "rev": "44603b4103dbce2c9c18e6cc0df51a74f5eb8975",
            "type": "github"
          },
          "original": {
            "id": "nixpkgs",
            "ref": "release-19.09",
            "type": "indirect"
          }
        }
      },
      "locked": {
        "owner": "NixOS",
        "repo": "nixops",
        "rev": "893ea3f4cc6760a6baa9d7e899884cccc11e6a4f",
        "type": "github"
      },
      "original": {
        "id": "nixops",
        "type": "indirect"
      }
    },
    "nixos-channel-scripts": {
      "info": {
        "lastModified": 1585207486,
        "narHash": "sha256-Bh/shvmZYJeBl/uhPQ23kd7Brpegw3cX4gIA6ZCI0Wk="
      },
      "inputs": {
        "nix": {
          "info": {
            "lastModified": 1583764121,
            "narHash": "sha256-o48N/W0dIqA0h/rdiMxc4XsV3pqfW7B+co4JtvUmgfY="
          },
          "inputs": {
            "nixpkgs": {
              "info": {
                "lastModified": 1580555706,
                "narHash": "sha256-ly5Gxl9yZgW2w1F3aDU5bvg34Ct+juUaOg8vue+Mkbo="
              },
              "inputs": {},
              "locked": {
                "owner": "edolstra",
                "repo": "nixpkgs",
                "rev": "43e283790fbe330b723ac44b584824cf6d85c1ee",
                "type": "github"
              },
              "original": {
                "id": "nixpkgs",
                "ref": "release-19.09",
                "type": "indirect"
              }
            }
          },
          "locked": {
            "owner": "NixOS",
            "repo": "nix",
            "rev": "73769b28e376cf1fb3e7248bafaa17c35527925d",
            "type": "github"
          },
          "original": {
            "id": "nix",
            "type": "indirect"
          }
        },
        "nixpkgs": {
          "info": {
            "lastModified": 1583402222,
            "narHash": "sha256-j7WJlbJD7AO8mhtAMvsqvAFxCprYzg234H8QPaQEWgE="
          },
          "inputs": {},
          "locked": {
            "owner": "edolstra",
            "repo": "nixpkgs",
            "rev": "54a27fb2fc5fbd8927f9f6dc77fe1de1faa05266",
            "type": "github"
          },
          "original": {
            "id": "nixpkgs",
            "ref": "release-19.09",
            "type": "indirect"
          }
        }
      },
      "locked": {
        "owner": "NixOS",
        "repo": "nixos-channel-scripts",
        "rev": "73cf003eccf1c3a54ff02713ad4cbeb323fb9eee",
        "type": "github"
      },
      "original": {
        "owner": "NixOS",
        "repo": "nixos-channel-scripts",
        "type": "github"
      }
    },
    "nixpkgs": {
      "info": {
        "lastModified": 1583402222,
        "narHash": "sha256-j7WJlbJD7AO8mhtAMvsqvAFxCprYzg234H8QPaQEWgE="
      },
      "inputs": {},
      "locked": {
        "owner": "edolstra",
        "repo": "nixpkgs",
        "rev": "54a27fb2fc5fbd8927f9f6dc77fe1de1faa05266",
        "type": "github"
      },
      "original": {
        "id": "nixpkgs",
        "ref": "release-19.09",
        "type": "indirect"
      }
    }
  },
  "version": 4
}
