{
    "inputs": {
        "nix": {
            "inputs": {
                "nixpkgs": {
                    "inputs": {},
                    "narHash": "sha256:1kg1afn84yxixvmanz030336kbi21f010bp0v0zn3mn97pdypd00",
                    "originalUrl": "nixpkgs/release-19.09",
                    "url": "github:edolstra/nixpkgs/bcceb882ccdfa818c1e18f4c1e88f2db68964305"
                }
            },
            "narHash": "sha256-Y1cdnCNoJmjqyC/a+Nt2N+5L3Ttg7K7zOD7gmtg1QzA=",
            "originalUrl": "nix",
            "url": "github:NixOS/nix/9cac895406724e0304dff140379783c4d786e855"
        },
        "nixops": {
            "inputs": {
                "nixops-aws": {
                    "inputs": {},
                    "narHash": "sha256:09c886dwa63flxqzkf7fjz6rp717pi5k3l6g5dxj8nclxnyxgn56",
                    "originalUrl": "github:NixOS/nixops-aws",
                    "url": "github:NixOS/nixops-aws/48a97f5b4825ff136d06340306d43996ff1fac5b"
                },
                "nixops-hetzner": {
                    "inputs": {},
                    "narHash": "sha256:15cnis9q7cgjfl8k76fd47gmf1xr1v7siqsbvpr2bx5r8iirgza1",
                    "originalUrl": "github:NixOS/nixops-hetzner",
                    "url": "github:NixOS/nixops-hetzner/ef99acaa329476beb45fc10753d9de3d2d257671"
                },
                "nixpkgs": {
                    "inputs": {},
                    "narHash": "sha256:1kg1afn84yxixvmanz030336kbi21f010bp0v0zn3mn97pdypd00",
                    "originalUrl": "nixpkgs/release-19.09",
                    "url": "github:edolstra/nixpkgs/bcceb882ccdfa818c1e18f4c1e88f2db68964305"
                }
            },
            "narHash": "sha256:1y941vzyg5hvil6zm8yf75b5h9lxgh2dmqldggp2kmn8kz3llbxb",
            "originalUrl": "nixops",
            "url": "github:NixOS/nixops/a9d9996c3564c4b34c92f97e6e658ffe6140460c"
        },
        "nixpkgs": {
            "inputs": {},
            "narHash": "sha256:1kg1afn84yxixvmanz030336kbi21f010bp0v0zn3mn97pdypd00",
            "originalUrl": "nixpkgs/release-19.09",
            "url": "github:edolstra/nixpkgs/bcceb882ccdfa818c1e18f4c1e88f2db68964305"
        }
    },
    "version": 3
}
