{
  "nodes": {
    "nix": {
      "info": {
        "lastModified": 1586440843,
        "narHash": "sha256-7YxrpRPmAOoCSl6KtepKCXcae5MUm1Pl+lwDunBFGoo="
      },
      "inputs": {
        "nixpkgs": "nixpkgs"
      },
      "locked": {
        "owner": "NixOS",
        "repo": "nix",
        "rev": "3aaceeb7e2d3fb8a07a1aa5a21df1dca6bbaa0ef",
        "type": "github"
      },
      "original": {
        "id": "nix",
        "type": "indirect"
      }
    },
    "nix_2": {
      "info": {
        "lastModified": 1586440843,
        "narHash": "sha256-7YxrpRPmAOoCSl6KtepKCXcae5MUm1Pl+lwDunBFGoo="
      },
      "inputs": {
        "nixpkgs": "nixpkgs_3"
      },
      "locked": {
        "owner": "NixOS",
        "repo": "nix",
        "rev": "3aaceeb7e2d3fb8a07a1aa5a21df1dca6bbaa0ef",
        "type": "github"
      },
      "original": {
        "id": "nix",
        "type": "indirect"
      }
    },
    "nixops": {
      "info": {
        "lastModified": 1586701146,
        "narHash": "sha256-JMfzMXFTYuUEtEiMhbmGdlQYxBwIF/5R8DIa9sGBVe4="
      },
      "inputs": {
        "nixops-aws": "nixops-aws",
        "nixops-hetzner": "nixops-hetzner",
        "nixpkgs": "nixpkgs_2"
      },
      "locked": {
        "owner": "NixOS",
        "repo": "nixops",
        "rev": "0a636f2d59955a7cc1e6cb5bb132aea325c631cf",
        "type": "github"
      },
      "original": {
        "id": "nixops",
        "type": "indirect"
      }
    },
    "nixops-aws": {
      "flake": false,
      "info": {
        "lastModified": 1586700941,
        "narHash": "sha256-9yh7iHMJ8F8wA4nwTjm8rcmceFM/6URHK/Q/AuCkdzE="
      },
      "locked": {
        "owner": "NixOS",
        "repo": "nixops-aws",
        "rev": "af97c16f179cd0df94a6fc3ef470092122253f60",
        "type": "github"
      },
      "original": {
        "owner": "NixOS",
        "ref": "flake",
        "repo": "nixops-aws",
        "type": "github"
      }
    },
    "nixops-hetzner": {
      "flake": false,
      "info": {
        "lastModified": 1586701048,
        "narHash": "sha256-q1QhsSp3N4nffnpUnGrF0Jg7VyLvi9JXiD82oxaM/Jg="
      },
      "locked": {
        "owner": "NixOS",
        "repo": "nixops-hetzner",
        "rev": "663b02618ece7a92a72da408a552528ee8dd354c",
        "type": "github"
      },
      "original": {
        "owner": "NixOS",
        "ref": "zfs",
        "repo": "nixops-hetzner",
        "type": "github"
      }
    },
    "nixos-channel-scripts": {
      "info": {
        "lastModified": 1586742026,
        "narHash": "sha256-iyuxFEGLIRLGszOQxUTx09fjayZVP3PddVxH5CNPQ9I="
      },
      "inputs": {
        "nix": "nix_2",
        "nixpkgs": "nixpkgs_4"
      },
      "locked": {
        "owner": "NixOS",
        "repo": "nixos-channel-scripts",
        "rev": "7a681103b2b3ce150f7f96394f19aa0ad4797ca1",
        "type": "github"
      },
      "original": {
        "owner": "NixOS",
        "repo": "nixos-channel-scripts",
        "type": "github"
      }
    },
    "nixpkgs": {
      "info": {
        "lastModified": 1585405475,
        "narHash": "sha256-bESW0n4KgPmZ0luxvwJ+UyATrC6iIltVCsGdLiphVeE="
      },
      "locked": {
        "owner": "NixOS",
        "repo": "nixpkgs",
        "rev": "b88ff468e9850410070d4e0ccd68c7011f15b2be",
        "type": "github"
      },
      "original": {
        "id": "nixpkgs",
        "ref": "nixos-20.03-small",
        "type": "indirect"
      }
    },
    "nixpkgs_2": {
      "info": {
        "lastModified": 1586543772,
        "narHash": "sha256-NQHEdPWK1vmRvfZSC3k06qody9zeY2ShNRMJRi4PCmQ="
      },
      "locked": {
        "owner": "NixOS",
        "repo": "nixpkgs",
        "rev": "66d8a2bda511e1fc46725322f94261c8a4083757",
        "type": "github"
      },
      "original": {
        "id": "nixpkgs",
        "ref": "nixos-20.03-small",
        "type": "indirect"
      }
    },
    "nixpkgs_3": {
      "info": {
        "lastModified": 1585405475,
        "narHash": "sha256-bESW0n4KgPmZ0luxvwJ+UyATrC6iIltVCsGdLiphVeE="
      },
      "locked": {
        "owner": "NixOS",
        "repo": "nixpkgs",
        "rev": "b88ff468e9850410070d4e0ccd68c7011f15b2be",
        "type": "github"
      },
      "original": {
        "id": "nixpkgs",
        "ref": "nixos-20.03-small",
        "type": "indirect"
      }
    },
    "nixpkgs_4": {
      "info": {
        "lastModified": 1586219474,
        "narHash": "sha256-fvfrMnEA2lDnXvH/eInGV5i0sO/EGLVHa4pOek8VG78="
      },
      "locked": {
        "owner": "NixOS",
        "repo": "nixpkgs",
        "rev": "29eddfc36d720dcc4822581175217543b387b1e8",
        "type": "github"
      },
      "original": {
        "id": "nixpkgs",
        "ref": "nixos-20.03",
        "type": "indirect"
      }
    },
    "root": {
      "inputs": {
        "nix": "nix",
        "nixops": "nixops",
        "nixos-channel-scripts": "nixos-channel-scripts",
        "nixpkgs": "nixpkgs_2"
      }
    }
  },
  "root": "root",
  "version": 5
}
