{
  "nodes": {
    "flake-compat": {
      "flake": false,
      "locked": {
        "lastModified": 1673956053,
        "narHash": "sha256-4gtG9iQuiKITOjNQQeQIpoIB6b16fm+504Ch3sNKLd8=",
        "owner": "edolstra",
        "repo": "flake-compat",
        "rev": "35bb57c0c8d8b62bbfd284272c928ceb64ddbde9",
        "type": "github"
      },
      "original": {
        "owner": "edolstra",
        "repo": "flake-compat",
        "type": "github"
      }
    },
    "hydra": {
      "inputs": {
        "nix": "nix",
        "nixpkgs": "nixpkgs",
        "nixpkgs-for-fileset": "nixpkgs-for-fileset"
      },
      "locked": {
        "lastModified": 1706249617,
        "narHash": "sha256-ayXPILCFZ2gMXT/I3XV3/w7lkAUAVkHeRYhmxspEUVM=",
        "owner": "NixOS",
        "repo": "hydra",
        "rev": "7f5889559e3118c66763428c410958dcec6a6fa8",
        "type": "github"
      },
      "original": {
        "owner": "NixOS",
        "repo": "hydra",
        "type": "github"
      }
    },
    "hydra-scale-equinix-metal": {
      "inputs": {
        "nixpkgs": "nixpkgs_2"
      },
      "locked": {
        "lastModified": 1680536851,
        "narHash": "sha256-I8jHYivqyFz1JuUFAIGcYznNlv35Shr3oKBsQFaoBrY=",
        "owner": "DeterminateSystems",
        "repo": "hydra-scale-equinix-metal",
        "rev": "6166086b234334ea242c6d9958b6c3e594867382",
        "type": "github"
      },
      "original": {
        "owner": "DeterminateSystems",
        "repo": "hydra-scale-equinix-metal",
        "type": "github"
      }
    },
    "lowdown-src": {
      "flake": false,
      "locked": {
        "lastModified": 1633514407,
        "narHash": "sha256-Dw32tiMjdK9t3ETl5fzGrutQTzh2rufgZV4A/BbxuD4=",
        "owner": "kristapsdz",
        "repo": "lowdown",
        "rev": "d2c2b44ff6c27b936ec27358a2653caaef8f73b8",
        "type": "github"
      },
      "original": {
        "owner": "kristapsdz",
        "repo": "lowdown",
        "type": "github"
      }
    },
    "nix": {
      "inputs": {
        "flake-compat": "flake-compat",
        "lowdown-src": "lowdown-src",
        "nixpkgs": [
          "hydra",
          "nixpkgs"
        ],
        "nixpkgs-regression": "nixpkgs-regression"
      },
      "locked": {
        "lastModified": 1706208340,
        "narHash": "sha256-wNyHUEIiKKVs6UXrUzhP7RSJQv0A8jckgcuylzftl8k=",
        "owner": "NixOS",
        "repo": "nix",
        "rev": "2c4bb93ba5a97e7078896ebc36385ce172960e4e",
        "type": "github"
      },
      "original": {
        "owner": "NixOS",
        "ref": "2.19-maintenance",
        "repo": "nix",
        "type": "github"
      }
    },
    "nixpkgs": {
      "locked": {
        "lastModified": 1701615100,
        "narHash": "sha256-7VI84NGBvlCTduw2aHLVB62NvCiZUlALLqBe5v684Aw=",
        "owner": "NixOS",
        "repo": "nixpkgs",
        "rev": "e9f06adb793d1cca5384907b3b8a4071d5d7cb19",
        "type": "github"
      },
      "original": {
        "owner": "NixOS",
        "ref": "nixos-23.05",
        "repo": "nixpkgs",
        "type": "github"
      }
    },
    "nixpkgs-for-fileset": {
      "locked": {
        "lastModified": 1706098335,
        "narHash": "sha256-r3dWjT8P9/Ah5m5ul4WqIWD8muj5F+/gbCdjiNVBKmU=",
        "owner": "NixOS",
        "repo": "nixpkgs",
        "rev": "a77ab169a83a4175169d78684ddd2e54486ac651",
        "type": "github"
      },
      "original": {
        "owner": "NixOS",
        "ref": "nixos-23.11",
        "repo": "nixpkgs",
        "type": "github"
      }
    },
    "nixpkgs-regression": {
      "locked": {
        "lastModified": 1643052045,
        "narHash": "sha256-uGJ0VXIhWKGXxkeNnq4TvV3CIOkUJ3PAoLZ3HMzNVMw=",
        "owner": "NixOS",
        "repo": "nixpkgs",
        "rev": "215d4d0fd80ca5163643b03a33fde804a29cc1e2",
        "type": "github"
      },
      "original": {
        "owner": "NixOS",
        "repo": "nixpkgs",
        "rev": "215d4d0fd80ca5163643b03a33fde804a29cc1e2",
        "type": "github"
      }
    },
    "nixpkgs_2": {
      "locked": {
        "lastModified": 1680213900,
        "narHash": "sha256-cIDr5WZIj3EkKyCgj/6j3HBH4Jj1W296z7HTcWj1aMA=",
        "owner": "nixos",
        "repo": "nixpkgs",
        "rev": "e3652e0735fbec227f342712f180f4f21f0594f2",
        "type": "github"
      },
      "original": {
        "owner": "nixos",
        "ref": "nixos-unstable",
        "repo": "nixpkgs",
        "type": "github"
      }
    },
    "nixpkgs_3": {
      "locked": {
        "lastModified": 1706176172,
        "narHash": "sha256-+kOLrH4DNw6EMITqXosMqoQUyIGWTMYVYcqALP8+PPc=",
        "owner": "NixOS",
        "repo": "nixpkgs",
        "rev": "72d28a6d71c30f0242c18317520bc3f4d822e794",
        "type": "github"
      },
      "original": {
        "owner": "NixOS",
        "ref": "nixos-23.11-small",
        "repo": "nixpkgs",
        "type": "github"
      }
    },
    "root": {
      "inputs": {
        "hydra": "hydra",
        "hydra-scale-equinix-metal": "hydra-scale-equinix-metal",
        "nix": [
          "hydra",
          "nix"
        ],
        "nixpkgs": "nixpkgs_3"
      }
    }
  },
  "root": "root",
  "version": 7
}
