{
  "nodes": {
    "dwarffs": {
      "inputs": {
        "nix": "nix",
        "nixpkgs": [
          "dwarffs",
          "nix",
          "nixpkgs"
        ]
      },
      "locked": {
        "lastModified": 1594198744,
        "narHash": "sha256-F3aHWuvhoX1OmRSdtp5coCymH8hPO+dJmGvU3QLuRJI=",
        "owner": "edolstra",
        "repo": "dwarffs",
        "rev": "149c9e0596aeab0cd77b23462e15ac97bd05e0aa",
        "type": "github"
      },
      "original": {
        "id": "dwarffs",
        "type": "indirect"
      }
    },
    "hydra": {
      "inputs": {
        "nix": "nix_2",
        "nixpkgs": "nixpkgs_3"
      },
      "locked": {
        "lastModified": 1596558321,
        "narHash": "sha256-3jv07Ty4YhK7tcoguVFj99uTSYcDGVCCFqkkwL9bva0=",
        "owner": "NixOS",
        "repo": "hydra",
        "rev": "f8e15bc311c51c3fbf69bf4227a9e984118e5e2a",
        "type": "github"
      },
      "original": {
        "id": "hydra",
        "type": "indirect"
      }
    },
    "nix": {
      "inputs": {
        "nixpkgs": "nixpkgs"
      },
      "locked": {
        "lastModified": 1594125537,
        "narHash": "sha256-M801IExREv1T9F+K6YcCFERBFZ3+6ShwzAR2K7xvExA=",
        "owner": "NixOS",
        "repo": "nix",
        "rev": "1ab9da915422405452118ebb17b88cdfc90b1e10",
        "type": "github"
      },
      "original": {
        "id": "nix",
        "type": "indirect"
      }
    },
    "nix_2": {
      "inputs": {
        "nixpkgs": "nixpkgs_2"
      },
      "locked": {
        "lastModified": 1596549673,
        "narHash": "sha256-1wQvqbDFWxO53ZsNHv3CFxjoCwjQ3HTFhitGIh3/a88=",
        "owner": "NixOS",
        "repo": "nix",
        "rev": "4e7f1c7f11fb22d7954b2dacbe87c61548fab82d",
        "type": "github"
      },
      "original": {
        "id": "nix",
        "type": "indirect"
      }
    },
    "nixpkgs": {
      "locked": {
        "lastModified": 1591633336,
        "narHash": "sha256-oVXv4xAnDJB03LvZGbC72vSVlIbbJr8tpjEW5o/Fdek=",
        "owner": "NixOS",
        "repo": "nixpkgs",
        "rev": "70717a337f7ae4e486ba71a500367cad697e5f09",
        "type": "github"
      },
      "original": {
        "id": "nixpkgs",
        "ref": "nixos-20.03-small",
        "type": "indirect"
      }
    },
    "nixpkgs_2": {
      "locked": {
        "lastModified": 1591633336,
        "narHash": "sha256-oVXv4xAnDJB03LvZGbC72vSVlIbbJr8tpjEW5o/Fdek=",
        "owner": "NixOS",
        "repo": "nixpkgs",
        "rev": "70717a337f7ae4e486ba71a500367cad697e5f09",
        "type": "github"
      },
      "original": {
        "id": "nixpkgs",
        "ref": "nixos-20.03-small",
        "type": "indirect"
      }
    },
    "nixpkgs_3": {
      "locked": {
        "lastModified": 1594117931,
        "narHash": "sha256-x7nZvITCLJiK7miPXU6yl2zdq+MlhjHicggfvjLguFg=",
        "owner": "NixOS",
        "repo": "nixpkgs",
        "rev": "c9d124e39dbeefc53c7b3e09fbfc2c26bcbd4845",
        "type": "github"
      },
      "original": {
        "id": "nixpkgs",
        "ref": "nixos-20.03",
        "type": "indirect"
      }
    },
    "nixpkgs_4": {
      "locked": {
        "lastModified": 1595891366,
        "narHash": "sha256-emx8s0LWUxxm4kh4zcacVP9NmCR5eT/JhzIXn111mAE=",
        "owner": "NixOS",
        "repo": "nixpkgs",
        "rev": "eeb91b03a5cef25c3931bdd4438f006a293adef9",
        "type": "github"
      },
      "original": {
        "id": "nixpkgs",
        "ref": "nixos-20.03",
        "type": "indirect"
      }
    },
    "root": {
      "inputs": {
        "dwarffs": "dwarffs",
        "hydra": "hydra",
        "nix": [
          "hydra",
          "nix"
        ],
        "nixpkgs": "nixpkgs_4"
      }
    }
  },
  "root": "root",
  "version": 7
}
