{
  "nodes": {
    "nixpkgs": {
      "locked": {
        "lastModified": 1694092552,
        "narHash": "sha256-kEb8kyIFTKt1RLRfsKVVuBG+EY29zp6kWLOtdK9Bcu4=",
        "owner": "NixOS",
        "repo": "nixpkgs",
        "rev": "319a44b173a6467859b6c8e60d96e2287526f685",
        "type": "github"
      },
      "original": {
        "id": "nixpkgs",
        "ref": "master",
        "type": "indirect"
      }
    },
    "root": {
      "inputs": {
        "nixpkgs": "nixpkgs"
      }
    }
  },
  "root": "root",
  "version": 7
}
